
Microsoft Visual Studio Solution File, Format Version 12.00
# Visual Studio Version 17
VisualStudioVersion = 17.5.002.0
MinimumVisualStudioVersion = 10.0.40219.1
Project("{9A19103F-16F7-4668-BE54-9A1E7A4F7556}") = "VetClinicAPI", "VetClinicAPI\VetClinicAPI.csproj", "{B138B598-0D97-44DD-80B8-59E08BD9D250}"
EndProject
Global
	GlobalSection(SolutionConfigurationPlatforms) = preSolution
		Debug|Any CPU = Debug|Any CPU
		Release|Any CPU = Release|Any CPU
	EndGlobalSection
	GlobalSection(ProjectConfigurationPlatforms) = postSolution
		{B138B598-0D97-44DD-80B8-59E08BD9D250}.Debug|Any CPU.ActiveCfg = Debug|Any CPU
		{B138B598-0D97-44DD-80B8-59E08BD9D250}.Debug|Any CPU.Build.0 = Debug|Any CPU
		{B138B598-0D97-44DD-80B8-59E08BD9D250}.Release|Any CPU.ActiveCfg = Release|Any CPU
		{B138B598-0D97-44DD-80B8-59E08BD9D250}.Release|Any CPU.Build.0 = Release|Any CPU
	EndGlobalSection
	GlobalSection(SolutionProperties) = preSolution
		HideSolutionNode = FALSE
	EndGlobalSection
	GlobalSection(ExtensibilityGlobals) = postSolution
		SolutionGuid = {FFD39025-8790-49C6-B696-40330A3D8475}
	EndGlobalSection
EndGlobal
